
Microsoft Visual Studio Solution File, Format Version 12.00
# Visual Studio Version 18
VisualStudioVersion = 18.3.11222.16 d18.3
MinimumVisualStudioVersion = 10.0.40219.1
Project("{9A19103F-16F7-4668-BE54-9A1E7A4F7556}") = "TaskListProcessing", "src\TaskListProcessing\TaskListProcessing.csproj", "{58CB5090-69F7-44D5-A08E-FE79DB01D27A}"
EndProject
Project("{2150E333-8FDC-42A3-9474-1A3956D46DE8}") = "src", "src", "{78413CE0-0D6C-44BB-940D-7DE8ECB6B7C7}"
EndProject
Project("{9A19103F-16F7-4668-BE54-9A1E7A4F7556}") = "CityWeatherService", "src\CityWeatherService\CityWeatherService.csproj", "{C5B48BF3-A4FD-4318-8B0D-471AB5788E2C}"
EndProject
Project("{2150E333-8FDC-42A3-9474-1A3956D46DE8}") = "tests", "tests", "{A84FA21B-F073-46EB-B0D8-C5F6AC852A92}"
EndProject
Project("{9A19103F-16F7-4668-BE54-9A1E7A4F7556}") = "CityWeatherService.Tests", "tests\CityWeatherService.Tests\CityWeatherService.Tests.csproj", "{3E0CD704-7F78-46D9-983A-660832F4EAED}"
EndProject
Project("{2150E333-8FDC-42A3-9474-1A3956D46DE8}") = "examples", "examples", "{EFCF0B29-9251-4372-918E-55816A895152}"
EndProject
Project("{9A19103F-16F7-4668-BE54-9A1E7A4F7556}") = "TaskListProcessor.Console", "examples\TaskListProcessor.Console\TaskListProcessor.Console.csproj", "{CCC58991-8AA2-495E-ABE5-43BB80877E3C}"
EndProject
Project("{2150E333-8FDC-42A3-9474-1A3956D46DE8}") = "Solution Items", "Solution Items", "{457EF58D-5C6E-4CFA-AD3F-D0AC6C1C34D8}"
	ProjectSection(SolutionItems) = preProject
		Generic TaskResult_T_ in List_20231110_111944.md = Generic TaskResult_T_ in List_20231110_111944.md
		docs\IMPROVEMENT_PLAN.md = docs\IMPROVEMENT_PLAN.md
		NET Code Article_ Task Handling_20231110_084310.md = NET Code Article_ Task Handling_20231110_084310.md
		README.md = README.md
	EndProjectSection
EndProject
Project("{FAE04EC0-301F-11D3-BF4B-00C04F79EFBC}") = "CityThingsToDo", "src\CityThingsToDo\CityThingsToDo.csproj", "{EDF29710-5A62-46CB-9DCB-83C413535A8A}"
EndProject
Project("{FAE04EC0-301F-11D3-BF4B-00C04F79EFBC}") = "CityThingsToDo.Tests", "tests\CityThingsToDo.Tests\CityThingsToDo.Tests.csproj", "{EB2DAEC0-548B-4C74-943D-D7C6AE062F09}"
EndProject
Project("{FAE04EC0-301F-11D3-BF4B-00C04F79EFBC}") = "TaskListProcessing.Tests", "tests\TaskListProcessing.Tests\TaskListProcessing.Tests.csproj", "{98C1084F-561C-401B-B3CB-4EB9C6EBD944}"
EndProject
Project("{FAE04EC0-301F-11D3-BF4B-00C04F79EFBC}") = "TaskListProcessor.Web", "examples\TaskListProcessor.Web\TaskListProcessor.Web.csproj", "{3785D4B2-681F-9A8D-C1A1-DEE94C5747CD}"
EndProject
Global
	GlobalSection(SolutionConfigurationPlatforms) = preSolution
		Debug|Any CPU = Debug|Any CPU
		Release|Any CPU = Release|Any CPU
	EndGlobalSection
	GlobalSection(ProjectConfigurationPlatforms) = postSolution
		{58CB5090-69F7-44D5-A08E-FE79DB01D27A}.Debug|Any CPU.ActiveCfg = Debug|Any CPU
		{58CB5090-69F7-44D5-A08E-FE79DB01D27A}.Debug|Any CPU.Build.0 = Debug|Any CPU
		{58CB5090-69F7-44D5-A08E-FE79DB01D27A}.Release|Any CPU.ActiveCfg = Release|Any CPU
		{58CB5090-69F7-44D5-A08E-FE79DB01D27A}.Release|Any CPU.Build.0 = Release|Any CPU
		{C5B48BF3-A4FD-4318-8B0D-471AB5788E2C}.Debug|Any CPU.ActiveCfg = Debug|Any CPU
		{C5B48BF3-A4FD-4318-8B0D-471AB5788E2C}.Debug|Any CPU.Build.0 = Debug|Any CPU
		{C5B48BF3-A4FD-4318-8B0D-471AB5788E2C}.Release|Any CPU.ActiveCfg = Release|Any CPU
		{C5B48BF3-A4FD-4318-8B0D-471AB5788E2C}.Release|Any CPU.Build.0 = Release|Any CPU
		{3E0CD704-7F78-46D9-983A-660832F4EAED}.Debug|Any CPU.ActiveCfg = Debug|Any CPU
		{3E0CD704-7F78-46D9-983A-660832F4EAED}.Debug|Any CPU.Build.0 = Debug|Any CPU
		{3E0CD704-7F78-46D9-983A-660832F4EAED}.Release|Any CPU.ActiveCfg = Release|Any CPU
		{3E0CD704-7F78-46D9-983A-660832F4EAED}.Release|Any CPU.Build.0 = Release|Any CPU
		{CCC58991-8AA2-495E-ABE5-43BB80877E3C}.Debug|Any CPU.ActiveCfg = Debug|Any CPU
		{CCC58991-8AA2-495E-ABE5-43BB80877E3C}.Debug|Any CPU.Build.0 = Debug|Any CPU
		{CCC58991-8AA2-495E-ABE5-43BB80877E3C}.Release|Any CPU.ActiveCfg = Release|Any CPU
		{CCC58991-8AA2-495E-ABE5-43BB80877E3C}.Release|Any CPU.Build.0 = Release|Any CPU
		{EDF29710-5A62-46CB-9DCB-83C413535A8A}.Debug|Any CPU.ActiveCfg = Debug|Any CPU
		{EDF29710-5A62-46CB-9DCB-83C413535A8A}.Debug|Any CPU.Build.0 = Debug|Any CPU
		{EDF29710-5A62-46CB-9DCB-83C413535A8A}.Release|Any CPU.ActiveCfg = Release|Any CPU
		{EDF29710-5A62-46CB-9DCB-83C413535A8A}.Release|Any CPU.Build.0 = Release|Any CPU
		{EB2DAEC0-548B-4C74-943D-D7C6AE062F09}.Debug|Any CPU.ActiveCfg = Debug|Any CPU
		{EB2DAEC0-548B-4C74-943D-D7C6AE062F09}.Debug|Any CPU.Build.0 = Debug|Any CPU
		{EB2DAEC0-548B-4C74-943D-D7C6AE062F09}.Release|Any CPU.ActiveCfg = Release|Any CPU
		{EB2DAEC0-548B-4C74-943D-D7C6AE062F09}.Release|Any CPU.Build.0 = Release|Any CPU
		{98C1084F-561C-401B-B3CB-4EB9C6EBD944}.Debug|Any CPU.ActiveCfg = Debug|Any CPU
		{98C1084F-561C-401B-B3CB-4EB9C6EBD944}.Debug|Any CPU.Build.0 = Debug|Any CPU
		{98C1084F-561C-401B-B3CB-4EB9C6EBD944}.Release|Any CPU.ActiveCfg = Release|Any CPU
		{98C1084F-561C-401B-B3CB-4EB9C6EBD944}.Release|Any CPU.Build.0 = Release|Any CPU
		{3785D4B2-681F-9A8D-C1A1-DEE94C5747CD}.Debug|Any CPU.ActiveCfg = Debug|Any CPU
		{3785D4B2-681F-9A8D-C1A1-DEE94C5747CD}.Debug|Any CPU.Build.0 = Debug|Any CPU
		{3785D4B2-681F-9A8D-C1A1-DEE94C5747CD}.Release|Any CPU.ActiveCfg = Release|Any CPU
		{3785D4B2-681F-9A8D-C1A1-DEE94C5747CD}.Release|Any CPU.Build.0 = Release|Any CPU
	EndGlobalSection
	GlobalSection(SolutionProperties) = preSolution
		HideSolutionNode = FALSE
	EndGlobalSection
	GlobalSection(NestedProjects) = preSolution
		{58CB5090-69F7-44D5-A08E-FE79DB01D27A} = {78413CE0-0D6C-44BB-940D-7DE8ECB6B7C7}
		{C5B48BF3-A4FD-4318-8B0D-471AB5788E2C} = {78413CE0-0D6C-44BB-940D-7DE8ECB6B7C7}
		{3E0CD704-7F78-46D9-983A-660832F4EAED} = {A84FA21B-F073-46EB-B0D8-C5F6AC852A92}
		{CCC58991-8AA2-495E-ABE5-43BB80877E3C} = {EFCF0B29-9251-4372-918E-55816A895152}
		{EDF29710-5A62-46CB-9DCB-83C413535A8A} = {78413CE0-0D6C-44BB-940D-7DE8ECB6B7C7}
		{EB2DAEC0-548B-4C74-943D-D7C6AE062F09} = {A84FA21B-F073-46EB-B0D8-C5F6AC852A92}
		{98C1084F-561C-401B-B3CB-4EB9C6EBD944} = {A84FA21B-F073-46EB-B0D8-C5F6AC852A92}
		{3785D4B2-681F-9A8D-C1A1-DEE94C5747CD} = {EFCF0B29-9251-4372-918E-55816A895152}
	EndGlobalSection
	GlobalSection(ExtensibilityGlobals) = postSolution
		SolutionGuid = {01FEA8B4-D934-49A0-A57E-EEA0E6E98271}
	EndGlobalSection
EndGlobal
